// !$*UTF8*$!
{
	archiveVersion = 1;
	classes = {
	};
	objectVersion = 46;
	objects = {

/* Begin PBXBuildFile section */
		B3D52E1A1B9034EB00DCACEE /* main.m in Sources */ = {isa = PBXBuildFile; fileRef = B3D52E191B9034EB00DCACEE /* main.m */; };
		B3D52E1D1B9034EB00DCACEE /* AppDelegate.m in Sources */ = {isa = PBXBuildFile; fileRef = B3D52E1C1B9034EB00DCACEE /* AppDelegate.m */; };
		B3D52E251B9034EB00DCACEE /* Images.xcassets in Resources */ = {isa = PBXBuildFile; fileRef = B3D52E241B9034EB00DCACEE /* Images.xcassets */; };
		B3D52E281B9034EB00DCACEE /* LaunchScreen.xib in Resources */ = {isa = PBXBuildFile; fileRef = B3D52E261B9034EB00DCACEE /* LaunchScreen.xib */; };
		B3D52E341B9034EB00DCACEE /* ______Tests.m in Sources */ = {isa = PBXBuildFile; fileRef = B3D52E331B9034EB00DCACEE /* ______Tests.m */; };
		B3D52E3E1B90359D00DCACEE /* Main.storyboard in Resources */ = {isa = PBXBuildFile; fileRef = B3D52E3D1B90359D00DCACEE /* Main.storyboard */; };
		B3D52E411B9035AA00DCACEE /* CZApp.m in Sources */ = {isa = PBXBuildFile; fileRef = B3D52E401B9035AA00DCACEE /* CZApp.m */; };
		B3D52E441B9035B700DCACEE /* ViewController.m in Sources */ = {isa = PBXBuildFile; fileRef = B3D52E431B9035B700DCACEE /* ViewController.m */; };
		B3D52E461B9035C600DCACEE /* apps.plist in Resources */ = {isa = PBXBuildFile; fileRef = B3D52E451B9035C600DCACEE /* apps.plist */; };
/* End PBXBuildFile section */

/* Begin PBXContainerItemProxy section */
		B3D52E2E1B9034EB00DCACEE /* PBXContainerItemProxy */ = {
			isa = PBXContainerItemProxy;
			containerPortal = B3D52E0C1B9034EB00DCACEE /* Project object */;
			proxyType = 1;
			remoteGlobalIDString = B3D52E131B9034EB00DCACEE;
			remoteInfo = "表格图片下载";
		};
/* End PBXContainerItemProxy section */

/* Begin PBXFileReference section */
		B3D52E141B9034EB00DCACEE /* 表格图片下载.app */ = {isa = PBXFileReference; explicitFileType = wrapper.application; includeInIndex = 0; path = "表格图片下载.app"; sourceTree = BUILT_PRODUCTS_DIR; };
		B3D52E181B9034EB00DCACEE /* Info.plist */ = {isa = PBXFileReference; lastKnownFileType = text.plist.xml; path = Info.plist; sourceTree = "<group>"; };
		B3D52E191B9034EB00DCACEE /* main.m */ = {isa = PBXFileReference; lastKnownFileType = sourcecode.c.objc; path = main.m; sourceTree = "<group>"; };
		B3D52E1B1B9034EB00DCACEE /* AppDelegate.h */ = {isa = PBXFileReference; lastKnownFileType = sourcecode.c.h; path = AppDelegate.h; sourceTree = "<group>"; };
		B3D52E1C1B9034EB00DCACEE /* AppDelegate.m */ = {isa = PBXFileReference; lastKnownFileType = sourcecode.c.objc; path = AppDelegate.m; sourceTree = "<group>"; };
		B3D52E241B9034EB00DCACEE /* Images.xcassets */ = {isa = PBXFileReference; lastKnownFileType = folder.assetcatalog; path = Images.xcassets; sourceTree = "<group>"; };
		B3D52E271B9034EB00DCACEE /* Base */ = {isa = PBXFileReference; lastKnownFileType = file.xib; name = Base; path = Base.lproj/LaunchScreen.xib; sourceTree = "<group>"; };
		B3D52E2D1B9034EB00DCACEE /* 表格图片下载Tests.xctest */ = {isa = PBXFileReference; explicitFileType = wrapper.cfbundle; includeInIndex = 0; path = "表格图片下载Tests.xctest"; sourceTree = BUILT_PRODUCTS_DIR; };
		B3D52E321B9034EB00DCACEE /* Info.plist */ = {isa = PBXFileReference; lastKnownFileType = text.plist.xml; path = Info.plist; sourceTree = "<group>"; };
		B3D52E331B9034EB00DCACEE /* ______Tests.m */ = {isa = PBXFileReference; lastKnownFileType = sourcecode.c.objc; path = "______Tests.m"; sourceTree = "<group>"; };
		B3D52E3D1B90359D00DCACEE /* Main.storyboard */ = {isa = PBXFileReference; fileEncoding = 4; lastKnownFileType = file.storyboard; path = Main.storyboard; sourceTree = "<group>"; };
		B3D52E3F1B9035AA00DCACEE /* CZApp.h */ = {isa = PBXFileReference; fileEncoding = 4; lastKnownFileType = sourcecode.c.h; path = CZApp.h; sourceTree = "<group>"; };
		B3D52E401B9035AA00DCACEE /* CZApp.m */ = {isa = PBXFileReference; fileEncoding = 4; lastKnownFileType = sourcecode.c.objc; path = CZApp.m; sourceTree = "<group>"; };
		B3D52E421B9035B700DCACEE /* ViewController.h */ = {isa = PBXFileReference; fileEncoding = 4; lastKnownFileType = sourcecode.c.h; path = ViewController.h; sourceTree = "<group>"; };
		B3D52E431B9035B700DCACEE /* ViewController.m */ = {isa = PBXFileReference; fileEncoding = 4; lastKnownFileType = sourcecode.c.objc; path = ViewController.m; sourceTree = "<group>"; };
		B3D52E451B9035C600DCACEE /* apps.plist */ = {isa = PBXFileReference; fileEncoding = 4; lastKnownFileType = text.plist.xml; path = apps.plist; sourceTree = "<group>"; };
/* End PBXFileReference section */

/* Begin PBXFrameworksBuildPhase section */
		B3D52E111B9034EB00DCACEE /* Frameworks */ = {
			isa = PBXFrameworksBuildPhase;
			buildActionMask = 2147483647;
			files = (
			);
			runOnlyForDeploymentPostprocessing = 0;
		};
		B3D52E2A1B9034EB00DCACEE /* Frameworks */ = {
			isa = PBXFrameworksBuildPhase;
			buildActionMask = 2147483647;
			files = (
			);
			runOnlyForDeploymentPostprocessing = 0;
		};
/* End PBXFrameworksBuildPhase section */

/* Begin PBXGroup section */
		B3D52E0B1B9034EB00DCACEE = {
			isa = PBXGroup;
			children = (
				B3D52E161B9034EB00DCACEE /* 表格图片下载 */,
				B3D52E301B9034EB00DCACEE /* 表格图片下载Tests */,
				B3D52E151B9034EB00DCACEE /* Products */,
			);
			sourceTree = "<group>";
		};
		B3D52E151B9034EB00DCACEE /* Products */ = {
			isa = PBXGroup;
			children = (
				B3D52E141B9034EB00DCACEE /* 表格图片下载.app */,
				B3D52E2D1B9034EB00DCACEE /* 表格图片下载Tests.xctest */,
			);
			name = Products;
			sourceTree = "<group>";
		};
		B3D52E161B9034EB00DCACEE /* 表格图片下载 */ = {
			isa = PBXGroup;
			children = (
				B3D52E1B1B9034EB00DCACEE /* AppDelegate.h */,
				B3D52E1C1B9034EB00DCACEE /* AppDelegate.m */,
				B3D52E421B9035B700DCACEE /* ViewController.h */,
				B3D52E431B9035B700DCACEE /* ViewController.m */,
				B3D52E3F1B9035AA00DCACEE /* CZApp.h */,
				B3D52E401B9035AA00DCACEE /* CZApp.m */,
				B3D52E3D1B90359D00DCACEE /* Main.storyboard */,
				B3D52E241B9034EB00DCACEE /* Images.xcassets */,
				B3D52E261B9034EB00DCACEE /* LaunchScreen.xib */,
				B3D52E171B9034EB00DCACEE /* Supporting Files */,
			);
			path = "表格图片下载";
			sourceTree = "<group>";
		};
		B3D52E171B9034EB00DCACEE /* Supporting Files */ = {
			isa = PBXGroup;
			children = (
				B3D52E451B9035C600DCACEE /* apps.plist */,
				B3D52E181B9034EB00DCACEE /* Info.plist */,
				B3D52E191B9034EB00DCACEE /* main.m */,
			);
			name = "Supporting Files";
			sourceTree = "<group>";
		};
		B3D52E301B9034EB00DCACEE /* 表格图片下载Tests */ = {
			isa = PBXGroup;
			children = (
				B3D52E331B9034EB00DCACEE /* ______Tests.m */,
				B3D52E311B9034EB00DCACEE /* Supporting Files */,
			);
			path = "表格图片下载Tests";
			sourceTree = "<group>";
		};
		B3D52E311B9034EB00DCACEE /* Supporting Files */ = {
			isa = PBXGroup;
			children = (
				B3D52E321B9034EB00DCACEE /* Info.plist */,
			);
			name = "Supporting Files";
			sourceTree = "<group>";
		};
/* End PBXGroup section */

/* Begin PBXNativeTarget section */
		B3D52E131B9034EB00DCACEE /* 表格图片下载 */ = {
			isa = PBXNativeTarget;
			buildConfigurationList = B3D52E371B9034EB00DCACEE /* Build configuration list for PBXNativeTarget "表格图片下载" */;
			buildPhases = (
				B3D52E101B9034EB00DCACEE /* Sources */,
				B3D52E111B9034EB00DCACEE /* Frameworks */,
				B3D52E121B9034EB00DCACEE /* Resources */,
			);
			buildRules = (
			);
			dependencies = (
			);
			name = "表格图片下载";
			productName = "表格图片下载";
			productReference = B3D52E141B9034EB00DCACEE /* 表格图片下载.app */;
			productType = "com.apple.product-type.application";
		};
		B3D52E2C1B9034EB00DCACEE /* 表格图片下载Tests */ = {
			isa = PBXNativeTarget;
			buildConfigurationList = B3D52E3A1B9034EB00DCACEE /* Build configuration list for PBXNativeTarget "表格图片下载Tests" */;
			buildPhases = (
				B3D52E291B9034EB00DCACEE /* Sources */,
				B3D52E2A1B9034EB00DCACEE /* Frameworks */,
				B3D52E2B1B9034EB00DCACEE /* Resources */,
			);
			buildRules = (
			);
			dependencies = (
				B3D52E2F1B9034EB00DCACEE /* PBXTargetDependency */,
			);
			name = "表格图片下载Tests";
			productName = "表格图片下载Tests";
			productReference = B3D52E2D1B9034EB00DCACEE /* 表格图片下载Tests.xctest */;
			productType = "com.apple.product-type.bundle.unit-test";
		};
/* End PBXNativeTarget section */

/* Begin PBXProject section */
		B3D52E0C1B9034EB00DCACEE /* Project object */ = {
			isa = PBXProject;
			attributes = {
				LastUpgradeCheck = 0640;
				ORGANIZATIONNAME = leo;
				TargetAttributes = {
					B3D52E131B9034EB00DCACEE = {
						CreatedOnToolsVersion = 6.4;
					};
					B3D52E2C1B9034EB00DCACEE = {
						CreatedOnToolsVersion = 6.4;
						TestTargetID = B3D52E131B9034EB00DCACEE;
					};
				};
			};
			buildConfigurationList = B3D52E0F1B9034EB00DCACEE /* Build configuration list for PBXProject "表格图片下载" */;
			compatibilityVersion = "Xcode 3.2";
			developmentRegion = English;
			hasScannedForEncodings = 0;
			knownRegions = (
				en,
				Base,
			);
			mainGroup = B3D52E0B1B9034EB00DCACEE;
			productRefGroup = B3D52E151B9034EB00DCACEE /* Products */;
			projectDirPath = "";
			projectRoot = "";
			targets = (
				B3D52E131B9034EB00DCACEE /* 表格图片下载 */,
				B3D52E2C1B9034EB00DCACEE /* 表格图片下载Tests */,
			);
		};
/* End PBXProject section */

/* Begin PBXResourcesBuildPhase section */
		B3D52E121B9034EB00DCACEE /* Resources */ = {
			isa = PBXResourcesBuildPhase;
			buildActionMask = 2147483647;
			files = (
				B3D52E461B9035C600DCACEE /* apps.plist in Resources */,
				B3D52E3E1B90359D00DCACEE /* Main.storyboard in Resources */,
				B3D52E281B9034EB00DCACEE /* LaunchScreen.xib in Resources */,
				B3D52E251B9034EB00DCACEE /* Images.xcassets in Resources */,
			);
			runOnlyForDeploymentPostprocessing = 0;
		};
		B3D52E2B1B9034EB00DCACEE /* Resources */ = {
			isa = PBXResourcesBuildPhase;
			buildActionMask = 2147483647;
			files = (
			);
			runOnlyForDeploymentPostprocessing = 0;
		};
/* End PBXResourcesBuildPhase section */

/* Begin PBXSourcesBuildPhase section */
		B3D52E101B9034EB00DCACEE /* Sources */ = {
			isa = PBXSourcesBuildPhase;
			buildActionMask = 2147483647;
			files = (
				B3D52E411B9035AA00DCACEE /* CZApp.m in Sources */,
				B3D52E1D1B9034EB00DCACEE /* AppDelegate.m in Sources */,
				B3D52E441B9035B700DCACEE /* ViewController.m in Sources */,
				B3D52E1A1B9034EB00DCACEE /* main.m in Sources */,
			);
			runOnlyForDeploymentPostprocessing = 0;
		};
		B3D52E291B9034EB00DCACEE /* Sources */ = {
			isa = PBXSourcesBuildPhase;
			buildActionMask = 2147483647;
			files = (
				B3D52E341B9034EB00DCACEE /* ______Tests.m in Sources */,
			);
			runOnlyForDeploymentPostprocessing = 0;
		};
/* End PBXSourcesBuildPhase section */

/* Begin PBXTargetDependency section */
		B3D52E2F1B9034EB00DCACEE /* PBXTargetDependency */ = {
			isa = PBXTargetDependency;
			target = B3D52E131B9034EB00DCACEE /* 表格图片下载 */;
			targetProxy = B3D52E2E1B9034EB00DCACEE /* PBXContainerItemProxy */;
		};
/* End PBXTargetDependency section */

/* Begin PBXVariantGroup section */
		B3D52E261B9034EB00DCACEE /* LaunchScreen.xib */ = {
			isa = PBXVariantGroup;
			children = (
				B3D52E271B9034EB00DCACEE /* Base */,
			);
			name = LaunchScreen.xib;
			sourceTree = "<group>";
		};
/* End PBXVariantGroup section */

/* Begin XCBuildConfiguration section */
		B3D52E351B9034EB00DCACEE /* Debug */ = {
			isa = XCBuildConfiguration;
			buildSettings = {
				ALWAYS_SEARCH_USER_PATHS = NO;
				CLANG_CXX_LANGUAGE_STANDARD = "gnu++0x";
				CLANG_CXX_LIBRARY = "libc++";
				CLANG_ENABLE_MODULES = YES;
				CLANG_ENABLE_OBJC_ARC = YES;
				CLANG_WARN_BOOL_CONVERSION = YES;
				CLANG_WARN_CONSTANT_CONVERSION = YES;
				CLANG_WARN_DIRECT_OBJC_ISA_USAGE = YES_ERROR;
				CLANG_WARN_EMPTY_BODY = YES;
				CLANG_WARN_ENUM_CONVERSION = YES;
				CLANG_WARN_INT_CONVERSION = YES;
				CLANG_WARN_OBJC_ROOT_CLASS = YES_ERROR;
				CLANG_WARN_UNREACHABLE_CODE = YES;
				CLANG_WARN__DUPLICATE_METHOD_MATCH = YES;
				"CODE_SIGN_IDENTITY[sdk=iphoneos*]" = "iPhone Developer";
				COPY_PHASE_STRIP = NO;
				DEBUG_INFORMATION_FORMAT = "dwarf-with-dsym";
				ENABLE_STRICT_OBJC_MSGSEND = YES;
				GCC_C_LANGUAGE_STANDARD = gnu99;
				GCC_DYNAMIC_NO_PIC = NO;
				GCC_NO_COMMON_BLOCKS = YES;
				GCC_OPTIMIZATION_LEVEL = 0;
				GCC_PREPROCESSOR_DEFINITIONS = (
					"DEBUG=1",
					"$(inherited)",
				);
				GCC_SYMBOLS_PRIVATE_EXTERN = NO;
				GCC_WARN_64_TO_32_BIT_CONVERSION = YES;
				GCC_WARN_ABOUT_RETURN_TYPE = YES_ERROR;
				GCC_WARN_UNDECLARED_SELECTOR = YES;
				GCC_WARN_UNINITIALIZED_AUTOS = YES_AGGRESSIVE;
				GCC_WARN_UNUSED_FUNCTION = YES;
				GCC_WARN_UNUSED_VARIABLE = YES;
				IPHONEOS_DEPLOYMENT_TARGET = 8.4;
				MTL_ENABLE_DEBUG_INFO = YES;
				ONLY_ACTIVE_ARCH = YES;
				SDKROOT = iphoneos;
			};
			name = Debug;
		};
		B3D52E361B9034EB00DCACEE /* Release */ = {
			isa = XCBuildConfiguration;
			buildSettings = {
				ALWAYS_SEARCH_USER_PATHS = NO;
				CLANG_CXX_LANGUAGE_STANDARD = "gnu++0x";
				CLANG_CXX_LIBRARY = "libc++";
				CLANG_ENABLE_MODULES = YES;
				CLANG_ENABLE_OBJC_ARC = YES;
				CLANG_WARN_BOOL_CONVERSION = YES;
				CLANG_WARN_CONSTANT_CONVERSION = YES;
				CLANG_WARN_DIRECT_OBJC_ISA_USAGE = YES_ERROR;
				CLANG_WARN_EMPTY_BODY = YES;
				CLANG_WARN_ENUM_CONVERSION = YES;
				CLANG_WARN_INT_CONVERSION = YES;
				CLANG_WARN_OBJC_ROOT_CLASS = YES_ERROR;
				CLANG_WARN_UNREACHABLE_CODE = YES;
				CLANG_WARN__DUPLICATE_METHOD_MATCH = YES;
				"CODE_SIGN_IDENTITY[sdk=iphoneos*]" = "iPhone Developer";
				COPY_PHASE_STRIP = NO;
				DEBUG_INFORMATION_FORMAT = "dwarf-with-dsym";
				ENABLE_NS_ASSERTIONS = NO;
				ENABLE_STRICT_OBJC_MSGSEND = YES;
				GCC_C_LANGUAGE_STANDARD = gnu99;
				GCC_NO_COMMON_BLOCKS = YES;
				GCC_WARN_64_TO_32_BIT_CONVERSION = YES;
				GCC_WARN_ABOUT_RETURN_TYPE = YES_ERROR;
				GCC_WARN_UNDECLARED_SELECTOR = YES;
				GCC_WARN_UNINITIALIZED_AUTOS = YES_AGGRESSIVE;
				GCC_WARN_UNUSED_FUNCTION = YES;
				GCC_WARN_UNUSED_VARIABLE = YES;
				IPHONEOS_DEPLOYMENT_TARGET = 8.4;
				MTL_ENABLE_DEBUG_INFO = NO;
				SDKROOT = iphoneos;
				VALIDATE_PRODUCT = YES;
			};
			name = Release;
		};
		B3D52E381B9034EB00DCACEE /* Debug */ = {
			isa = XCBuildConfiguration;
			buildSettings = {
				ASSETCATALOG_COMPILER_APPICON_NAME = AppIcon;
				INFOPLIST_FILE = "表格图片下载/Info.plist";
				LD_RUNPATH_SEARCH_PATHS = "$(inherited) @executable_path/Frameworks";
				PRODUCT_NAME = "$(TARGET_NAME)";
			};
			name = Debug;
		};
		B3D52E391B9034EB00DCACEE /* Release */ = {
			isa = XCBuildConfiguration;
			buildSettings = {
				ASSETCATALOG_COMPILER_APPICON_NAME = AppIcon;
				INFOPLIST_FILE = "表格图片下载/Info.plist";
				LD_RUNPATH_SEARCH_PATHS = "$(inherited) @executable_path/Frameworks";
				PRODUCT_NAME = "$(TARGET_NAME)";
			};
			name = Release;
		};
		B3D52E3B1B9034EB00DCACEE /* Debug */ = {
			isa = XCBuildConfiguration;
			buildSettings = {
				BUNDLE_LOADER = "$(TEST_HOST)";
				FRAMEWORK_SEARCH_PATHS = (
					"$(SDKROOT)/Developer/Library/Frameworks",
					"$(inherited)",
				);
				GCC_PREPROCESSOR_DEFINITIONS = (
					"DEBUG=1",
					"$(inherited)",
				);
				INFOPLIST_FILE = "表格图片下载Tests/Info.plist";
				LD_RUNPATH_SEARCH_PATHS = "$(inherited) @executable_path/Frameworks @loader_path/Frameworks";
				PRODUCT_NAME = "$(TARGET_NAME)";
				TEST_HOST = "$(BUILT_PRODUCTS_DIR)/表格图片下载.app/表格图片下载";
			};
			name = Debug;
		};
		B3D52E3C1B9034EB00DCACEE /* Release */ = {
			isa = XCBuildConfiguration;
			buildSettings = {
				BUNDLE_LOADER = "$(TEST_HOST)";
				FRAMEWORK_SEARCH_PATHS = (
					"$(SDKROOT)/Developer/Library/Frameworks",
					"$(inherited)",
				);
				INFOPLIST_FILE = "表格图片下载Tests/Info.plist";
				LD_RUNPATH_SEARCH_PATHS = "$(inherited) @executable_path/Frameworks @loader_path/Frameworks";
				PRODUCT_NAME = "$(TARGET_NAME)";
				TEST_HOST = "$(BUILT_PRODUCTS_DIR)/表格图片下载.app/表格图片下载";
			};
			name = Release;
		};
/* End XCBuildConfiguration section */

/* Begin XCConfigurationList section */
		B3D52E0F1B9034EB00DCACEE /* Build configuration list for PBXProject "表格图片下载" */ = {
			isa = XCConfigurationList;
			buildConfigurations = (
				B3D52E351B9034EB00DCACEE /* Debug */,
				B3D52E361B9034EB00DCACEE /* Release */,
			);
			defaultConfigurationIsVisible = 0;
			defaultConfigurationName = Release;
		};
		B3D52E371B9034EB00DCACEE /* Build configuration list for PBXNativeTarget "表格图片下载" */ = {
			isa = XCConfigurationList;
			buildConfigurations = (
				B3D52E381B9034EB00DCACEE /* Debug */,
				B3D52E391B9034EB00DCACEE /* Release */,
			);
			defaultConfigurationIsVisible = 0;
		};
		B3D52E3A1B9034EB00DCACEE /* Build configuration list for PBXNativeTarget "表格图片下载Tests" */ = {
			isa = XCConfigurationList;
			buildConfigurations = (
				B3D52E3B1B9034EB00DCACEE /* Debug */,
				B3D52E3C1B9034EB00DCACEE /* Release */,
			);
			defaultConfigurationIsVisible = 0;
		};
/* End XCConfigurationList section */
	};
	rootObject = B3D52E0C1B9034EB00DCACEE /* Project object */;
}
